{
  "version": 4,
  "terraform_version": "1.13.3",
  "serial": 19,
  "lineage": "cc6b1e9c-dd6c-81bc-9c8b-de4278ff4142",
  "outputs": {
    "app_insights_connection_string": {
      "value": "InstrumentationKey=8954ca36-1b6d-4474-ad85-69cb0700b8f0;IngestionEndpoint=https://italynorth-0.in.applicationinsights.azure.com/;LiveEndpoint=https://italynorth.livediagnostics.monitor.azure.com/;ApplicationId=71fa3ae1-2965-4fdf-b47b-47fadce13b80",
      "type": "string",
      "sensitive": true
    },
    "appgw_public_ip": {
      "value": "72.146.40.125",
      "type": "string"
    },
    "backend_vm_private_ip": {
      "value": "10.0.2.4",
      "type": "string"
    },
    "frontend_vm_private_ip": {
      "value": "10.0.1.4",
      "type": "string"
    },
    "ops_vm_private_ip": {
      "value": "10.0.5.4",
      "type": "string"
    },
    "resource_group": {
      "value": "project2-najla",
      "type": "string"
    },
    "sql_server_fqdn": {
      "value": "najlasqlserver.database.windows.net",
      "type": "string"
    }
  },
  "resources": [
    {
      "mode": "managed",
      "type": "azurerm_application_gateway",
      "name": "appgw",
      "provider": "provider[\"registry.terraform.io/hashicorp/azurerm\"]",
      "instances": [
        {
          "schema_version": 0,
          "attributes": {
            "authentication_certificate": [],
            "autoscale_configuration": [],
            "backend_address_pool": [
              {
                "fqdns": [],
                "id": "/subscriptions/4421688c-0a8d-4588-8dd0-338c5271d0af/resourceGroups/project2-najla/providers/Microsoft.Network/applicationGateways/appgw-najla/backendAddressPools/backendPool",
                "ip_addresses": [],
                "name": "backendPool"
              }
            ],
            "backend_http_settings": [
              {
                "affinity_cookie_name": "",
                "authentication_certificate": [],
                "connection_draining": [],
                "cookie_based_affinity": "Disabled",
                "host_name": "",
                "id": "/subscriptions/4421688c-0a8d-4588-8dd0-338c5271d0af/resourceGroups/project2-najla/providers/Microsoft.Network/applicationGateways/appgw-najla/backendHttpSettingsCollection/backendHttpSettings",
                "name": "backendHttpSettings",
                "path": "",
                "pick_host_name_from_backend_address": false,
                "port": 80,
                "probe_id": "",
                "probe_name": "",
                "protocol": "Http",
                "request_timeout": 30,
                "trusted_root_certificate_names": []
              }
            ],
            "custom_error_configuration": [],
            "enable_http2": false,
            "fips_enabled": false,
            "firewall_policy_id": "/subscriptions/4421688c-0a8d-4588-8dd0-338c5271d0af/resourceGroups/project2-najla/providers/Microsoft.Network/applicationGatewayWebApplicationFirewallPolicies/appgw-waf-policy",
            "force_firewall_policy_association": false,
            "frontend_ip_configuration": [
              {
                "id": "/subscriptions/4421688c-0a8d-4588-8dd0-338c5271d0af/resourceGroups/project2-najla/providers/Microsoft.Network/applicationGateways/appgw-najla/frontendIPConfigurations/appgwFrontendIP",
                "name": "appgwFrontendIP",
                "private_ip_address": "",
                "private_ip_address_allocation": "Dynamic",
                "private_link_configuration_id": "",
                "private_link_configuration_name": "",
                "public_ip_address_id": "/subscriptions/4421688c-0a8d-4588-8dd0-338c5271d0af/resourceGroups/project2-najla/providers/Microsoft.Network/publicIPAddresses/appgw-public-ip",
                "subnet_id": ""
              }
            ],
            "frontend_port": [
              {
                "id": "/subscriptions/4421688c-0a8d-4588-8dd0-338c5271d0af/resourceGroups/project2-najla/providers/Microsoft.Network/applicationGateways/appgw-najla/frontendPorts/frontendPort",
                "name": "frontendPort",
                "port": 80
              }
            ],
            "gateway_ip_configuration": [
              {
                "id": "/subscriptions/4421688c-0a8d-4588-8dd0-338c5271d0af/resourceGroups/project2-najla/providers/Microsoft.Network/applicationGateways/appgw-najla/gatewayIPConfigurations/appgw-ip-config",
                "name": "appgw-ip-config",
                "subnet_id": "/subscriptions/4421688c-0a8d-4588-8dd0-338c5271d0af/resourceGroups/project2-najla/providers/Microsoft.Network/virtualNetworks/project2-najla-vnet/subnets/appgw-subnet"
              }
            ],
            "global": [],
            "http_listener": [
              {
                "custom_error_configuration": [],
                "firewall_policy_id": "",
                "frontend_ip_configuration_id": "/subscriptions/4421688c-0a8d-4588-8dd0-338c5271d0af/resourceGroups/project2-najla/providers/Microsoft.Network/applicationGateways/appgw-najla/frontendIPConfigurations/appgwFrontendIP",
                "frontend_ip_configuration_name": "appgwFrontendIP",
                "frontend_port_id": "/subscriptions/4421688c-0a8d-4588-8dd0-338c5271d0af/resourceGroups/project2-najla/providers/Microsoft.Network/applicationGateways/appgw-najla/frontendPorts/frontendPort",
                "frontend_port_name": "frontendPort",
                "host_name": "",
                "host_names": [],
                "id": "/subscriptions/4421688c-0a8d-4588-8dd0-338c5271d0af/resourceGroups/project2-najla/providers/Microsoft.Network/applicationGateways/appgw-najla/httpListeners/appgwListener",
                "name": "appgwListener",
                "protocol": "Http",
                "require_sni": false,
                "ssl_certificate_id": "",
                "ssl_certificate_name": "",
                "ssl_profile_id": "",
                "ssl_profile_name": ""
              }
            ],
            "id": "/subscriptions/4421688c-0a8d-4588-8dd0-338c5271d0af/resourceGroups/project2-najla/providers/Microsoft.Network/applicationGateways/appgw-najla",
            "identity": [],
            "location": "italynorth",
            "name": "appgw-najla",
            "private_endpoint_connection": [],
            "private_link_configuration": [],
            "probe": [],
            "redirect_configuration": [],
            "request_routing_rule": [
              {
                "backend_address_pool_id": "/subscriptions/4421688c-0a8d-4588-8dd0-338c5271d0af/resourceGroups/project2-najla/providers/Microsoft.Network/applicationGateways/appgw-najla/backendAddressPools/backendPool",
                "backend_address_pool_name": "backendPool",
                "backend_http_settings_id": "/subscriptions/4421688c-0a8d-4588-8dd0-338c5271d0af/resourceGroups/project2-najla/providers/Microsoft.Network/applicationGateways/appgw-najla/backendHttpSettingsCollection/backendHttpSettings",
                "backend_http_settings_name": "backendHttpSettings",
                "http_listener_id": "/subscriptions/4421688c-0a8d-4588-8dd0-338c5271d0af/resourceGroups/project2-najla/providers/Microsoft.Network/applicationGateways/appgw-najla/httpListeners/appgwListener",
                "http_listener_name": "appgwListener",
                "id": "/subscriptions/4421688c-0a8d-4588-8dd0-338c5271d0af/resourceGroups/project2-najla/providers/Microsoft.Network/applicationGateways/appgw-najla/requestRoutingRules/rule1",
                "name": "rule1",
                "priority": 100,
                "redirect_configuration_id": "",
                "redirect_configuration_name": "",
                "rewrite_rule_set_id": "",
                "rewrite_rule_set_name": "",
                "rule_type": "Basic",
                "url_path_map_id": "",
                "url_path_map_name": ""
              }
            ],
            "resource_group_name": "project2-najla",
            "rewrite_rule_set": [],
            "sku": [
              {
                "capacity": 2,
                "name": "WAF_v2",
                "tier": "WAF_v2"
              }
            ],
            "ssl_certificate": [],
            "ssl_policy": [
              {
                "cipher_suites": [],
                "disabled_protocols": [],
                "min_protocol_version": "",
                "policy_name": "AppGwSslPolicy20220101",
                "policy_type": "Predefined"
              }
            ],
            "ssl_profile": [],
            "tags": null,
            "timeouts": null,
            "trusted_client_certificate": [],
            "trusted_root_certificate": [],
            "url_path_map": [],
            "waf_configuration": [],
            "zones": null
          },
          "sensitive_attributes": [],
          "identity_schema_version": 0,
          "identity": {
            "name": "appgw-najla",
            "resource_group_name": "project2-najla",
            "subscription_id": "4421688c-0a8d-4588-8dd0-338c5271d0af"
          },
          "private": "eyJlMmJmYjczMC1lY2FhLTExZTYtOGY4OC0zNDM2M2JjN2M0YzAiOnsiY3JlYXRlIjo1NDAwMDAwMDAwMDAwLCJkZWxldGUiOjU0MDAwMDAwMDAwMDAsInJlYWQiOjMwMDAwMDAwMDAwMCwidXBkYXRlIjo1NDAwMDAwMDAwMDAwfX0=",
          "dependencies": [
            "azurerm_public_ip.appgw_pip",
            "azurerm_resource_group.rg",
            "azurerm_subnet.appgw_subnet",
            "azurerm_virtual_network.vnet",
            "azurerm_web_application_firewall_policy.wafpolicy"
          ]
        }
      ]
    },
    {
      "mode": "managed",
      "type": "azurerm_application_insights",
      "name": "appi",
      "provider": "provider[\"registry.terraform.io/hashicorp/azurerm\"]",
      "instances": [
        {
          "schema_version": 2,
          "attributes": {
            "app_id": "71fa3ae1-2965-4fdf-b47b-47fadce13b80",
            "application_type": "web",
            "connection_string": "InstrumentationKey=8954ca36-1b6d-4474-ad85-69cb0700b8f0;IngestionEndpoint=https://italynorth-0.in.applicationinsights.azure.com/;LiveEndpoint=https://italynorth.livediagnostics.monitor.azure.com/;ApplicationId=71fa3ae1-2965-4fdf-b47b-47fadce13b80",
            "daily_data_cap_in_gb": 100,
            "daily_data_cap_notifications_disabled": false,
            "disable_ip_masking": false,
            "force_customer_storage_for_profiler": false,
            "id": "/subscriptions/4421688c-0a8d-4588-8dd0-338c5271d0af/resourceGroups/project2-najla/providers/Microsoft.Insights/components/najla-appi",
            "instrumentation_key": "8954ca36-1b6d-4474-ad85-69cb0700b8f0",
            "internet_ingestion_enabled": true,
            "internet_query_enabled": true,
            "local_authentication_disabled": false,
            "location": "italynorth",
            "name": "najla-appi",
            "resource_group_name": "project2-najla",
            "retention_in_days": 90,
            "sampling_percentage": 100,
            "tags": {},
            "timeouts": null,
            "workspace_id": "/subscriptions/4421688c-0a8d-4588-8dd0-338c5271d0af/resourceGroups/ai_najla-appi_71fa3ae1-2965-4fdf-b47b-47fadce13b80_managed/providers/Microsoft.OperationalInsights/workspaces/managed-najla-appi-ws"
          },
          "sensitive_attributes": [
            [
              {
                "type": "get_attr",
                "value": "connection_string"
              }
            ],
            [
              {
                "type": "get_attr",
                "value": "instrumentation_key"
              }
            ]
          ],
          "identity_schema_version": 0,
          "private": "eyJlMmJmYjczMC1lY2FhLTExZTYtOGY4OC0zNDM2M2JjN2M0YzAiOnsiY3JlYXRlIjozNjAwMDAwMDAwMDAwLCJkZWxldGUiOjE4MDAwMDAwMDAwMDAsInJlYWQiOjMwMDAwMDAwMDAwMCwidXBkYXRlIjoxODAwMDAwMDAwMDAwfSwic2NoZW1hX3ZlcnNpb24iOiIyIn0=",
          "dependencies": [
            "azurerm_resource_group.rg"
          ]
        }
      ]
    },
    {
      "mode": "managed",
      "type": "azurerm_mssql_database",
      "name": "sqldb",
      "provider": "provider[\"registry.terraform.io/hashicorp/azurerm\"]",
      "instances": [
        {
          "schema_version": 1,
          "attributes": {
            "auto_pause_delay_in_minutes": 0,
            "collation": "SQL_Latin1_General_CP1_CI_AS",
            "create_mode": "Default",
            "creation_source_database_id": null,
            "elastic_pool_id": "",
            "enclave_type": "",
            "geo_backup_enabled": true,
            "id": "/subscriptions/4421688c-0a8d-4588-8dd0-338c5271d0af/resourceGroups/project2-najla/providers/Microsoft.Sql/servers/najlasqlserver/databases/najladb",
            "identity": [],
            "import": [],
            "ledger_enabled": false,
            "license_type": "",
            "long_term_retention_policy": [
              {
                "immutable_backups_enabled": false,
                "monthly_retention": "PT0S",
                "week_of_year": 1,
                "weekly_retention": "PT0S",
                "yearly_retention": "PT0S"
              }
            ],
            "maintenance_configuration_name": "SQL_Default",
            "max_size_gb": 5,
            "min_capacity": 0,
            "name": "najladb",
            "read_replica_count": 0,
            "read_scale": false,
            "recover_database_id": null,
            "recovery_point_id": null,
            "restore_dropped_database_id": null,
            "restore_long_term_retention_backup_id": null,
            "restore_point_in_time": null,
            "sample_name": null,
            "secondary_type": "",
            "server_id": "/subscriptions/4421688c-0a8d-4588-8dd0-338c5271d0af/resourceGroups/project2-najla/providers/Microsoft.Sql/servers/najlasqlserver",
            "short_term_retention_policy": [
              {
                "backup_interval_in_hours": 24,
                "retention_days": 7
              }
            ],
            "sku_name": "S0",
            "storage_account_type": "Local",
            "tags": {},
            "threat_detection_policy": [
              {
                "disabled_alerts": [],
                "email_account_admins": "Disabled",
                "email_addresses": [],
                "retention_days": 0,
                "state": "Disabled",
                "storage_account_access_key": "",
                "storage_endpoint": ""
              }
            ],
            "timeouts": null,
            "transparent_data_encryption_enabled": true,
            "transparent_data_encryption_key_automatic_rotation_enabled": false,
            "transparent_data_encryption_key_vault_key_id": "",
            "zone_redundant": false
          },
          "sensitive_attributes": [
            [
              {
                "type": "get_attr",
                "value": "threat_detection_policy"
              },
              {
                "type": "index",
                "value": {
                  "value": 0,
                  "type": "number"
                }
              },
              {
                "type": "get_attr",
                "value": "storage_account_access_key"
              }
            ]
          ],
          "identity_schema_version": 0,
          "private": "eyJlMmJmYjczMC1lY2FhLTExZTYtOGY4OC0zNDM2M2JjN2M0YzAiOnsiY3JlYXRlIjozNjAwMDAwMDAwMDAwLCJkZWxldGUiOjM2MDAwMDAwMDAwMDAsInJlYWQiOjMwMDAwMDAwMDAwMCwidXBkYXRlIjozNjAwMDAwMDAwMDAwfSwic2NoZW1hX3ZlcnNpb24iOiIxIn0=",
          "dependencies": [
            "azurerm_mssql_server.sql",
            "azurerm_resource_group.rg"
          ]
        }
      ]
    },
    {
      "mode": "managed",
      "type": "azurerm_mssql_server",
      "name": "sql",
      "provider": "provider[\"registry.terraform.io/hashicorp/azurerm\"]",
      "instances": [
        {
          "schema_version": 0,
          "attributes": {
            "administrator_login": "sqladminuser",
            "administrator_login_password": "StrongP@ssword123!",
            "administrator_login_password_wo": null,
            "administrator_login_password_wo_version": 0,
            "azuread_administrator": [],
            "connection_policy": "Default",
            "express_vulnerability_assessment_enabled": false,
            "fully_qualified_domain_name": "najlasqlserver.database.windows.net",
            "id": "/subscriptions/4421688c-0a8d-4588-8dd0-338c5271d0af/resourceGroups/project2-najla/providers/Microsoft.Sql/servers/najlasqlserver",
            "identity": [],
            "location": "italynorth",
            "minimum_tls_version": "1.2",
            "name": "najlasqlserver",
            "outbound_network_restriction_enabled": false,
            "primary_user_assigned_identity_id": "",
            "public_network_access_enabled": true,
            "resource_group_name": "project2-najla",
            "restorable_dropped_database_ids": [],
            "tags": {},
            "timeouts": null,
            "transparent_data_encryption_key_vault_key_id": "",
            "version": "12.0"
          },
          "sensitive_attributes": [
            [
              {
                "type": "get_attr",
                "value": "administrator_login_password"
              }
            ],
            [
              {
                "type": "get_attr",
                "value": "administrator_login_password_wo"
              }
            ]
          ],
          "identity_schema_version": 0,
          "private": "eyJlMmJmYjczMC1lY2FhLTExZTYtOGY4OC0zNDM2M2JjN2M0YzAiOnsiY3JlYXRlIjozNjAwMDAwMDAwMDAwLCJkZWxldGUiOjM2MDAwMDAwMDAwMDAsInJlYWQiOjMwMDAwMDAwMDAwMCwidXBkYXRlIjozNjAwMDAwMDAwMDAwfX0=",
          "dependencies": [
            "azurerm_resource_group.rg"
          ]
        }
      ]
    },
    {
      "mode": "managed",
      "type": "azurerm_public_ip",
      "name": "appgw_pip",
      "provider": "provider[\"registry.terraform.io/hashicorp/azurerm\"]",
      "instances": [
        {
          "schema_version": 0,
          "attributes": {
            "allocation_method": "Static",
            "ddos_protection_mode": "VirtualNetworkInherited",
            "ddos_protection_plan_id": null,
            "domain_name_label": null,
            "domain_name_label_scope": null,
            "edge_zone": "",
            "fqdn": null,
            "id": "/subscriptions/4421688c-0a8d-4588-8dd0-338c5271d0af/resourceGroups/project2-najla/providers/Microsoft.Network/publicIPAddresses/appgw-public-ip",
            "idle_timeout_in_minutes": 4,
            "ip_address": "72.146.40.125",
            "ip_tags": {},
            "ip_version": "IPv4",
            "location": "italynorth",
            "name": "appgw-public-ip",
            "public_ip_prefix_id": null,
            "resource_group_name": "project2-najla",
            "reverse_fqdn": null,
            "sku": "Standard",
            "sku_tier": "Regional",
            "tags": {},
            "timeouts": null,
            "zones": []
          },
          "sensitive_attributes": [],
          "identity_schema_version": 0,
          "private": "eyJlMmJmYjczMC1lY2FhLTExZTYtOGY4OC0zNDM2M2JjN2M0YzAiOnsiY3JlYXRlIjoxODAwMDAwMDAwMDAwLCJkZWxldGUiOjE4MDAwMDAwMDAwMDAsInJlYWQiOjMwMDAwMDAwMDAwMCwidXBkYXRlIjoxODAwMDAwMDAwMDAwfX0=",
          "dependencies": [
            "azurerm_resource_group.rg"
          ]
        }
      ]
    },
    {
      "mode": "managed",
      "type": "azurerm_resource_group",
      "name": "rg",
      "provider": "provider[\"registry.terraform.io/hashicorp/azurerm\"]",
      "instances": [
        {
          "schema_version": 0,
          "attributes": {
            "id": "/subscriptions/4421688c-0a8d-4588-8dd0-338c5271d0af/resourceGroups/project2-najla",
            "location": "italynorth",
            "managed_by": "",
            "name": "project2-najla",
            "tags": {
              "env": "dev",
              "project": "devops-project2-ih"
            },
            "timeouts": null
          },
          "sensitive_attributes": [],
          "identity_schema_version": 0,
          "private": "eyJlMmJmYjczMC1lY2FhLTExZTYtOGY4OC0zNDM2M2JjN2M0YzAiOnsiY3JlYXRlIjo1NDAwMDAwMDAwMDAwLCJkZWxldGUiOjU0MDAwMDAwMDAwMDAsInJlYWQiOjMwMDAwMDAwMDAwMCwidXBkYXRlIjo1NDAwMDAwMDAwMDAwfX0="
        }
      ]
    },
    {
      "mode": "managed",
      "type": "azurerm_subnet",
      "name": "api_subnet",
      "provider": "provider[\"registry.terraform.io/hashicorp/azurerm\"]",
      "instances": [
        {
          "schema_version": 0,
          "attributes": {
            "address_prefixes": [
              "10.0.4.0/24"
            ],
            "default_outbound_access_enabled": true,
            "delegation": [],
            "id": "/subscriptions/4421688c-0a8d-4588-8dd0-338c5271d0af/resourceGroups/project2-najla/providers/Microsoft.Network/virtualNetworks/project2-najla-vnet/subnets/api-subnet",
            "ip_address_pool": [],
            "name": "api-subnet",
            "private_endpoint_network_policies": "Disabled",
            "private_link_service_network_policies_enabled": true,
            "resource_group_name": "project2-najla",
            "service_endpoint_policy_ids": [],
            "service_endpoints": [],
            "sharing_scope": "",
            "timeouts": null,
            "virtual_network_name": "project2-najla-vnet"
          },
          "sensitive_attributes": [],
          "identity_schema_version": 0,
          "identity": {
            "name": "api-subnet",
            "resource_group_name": "project2-najla",
            "subscription_id": "4421688c-0a8d-4588-8dd0-338c5271d0af",
            "virtual_network_name": "project2-najla-vnet"
          },
          "private": "eyJlMmJmYjczMC1lY2FhLTExZTYtOGY4OC0zNDM2M2JjN2M0YzAiOnsiY3JlYXRlIjoxODAwMDAwMDAwMDAwLCJkZWxldGUiOjE4MDAwMDAwMDAwMDAsInJlYWQiOjMwMDAwMDAwMDAwMCwidXBkYXRlIjoxODAwMDAwMDAwMDAwfX0=",
          "dependencies": [
            "azurerm_resource_group.rg",
            "azurerm_virtual_network.vnet"
          ]
        }
      ]
    },
    {
      "mode": "managed",
      "type": "azurerm_subnet",
      "name": "appgw_subnet",
      "provider": "provider[\"registry.terraform.io/hashicorp/azurerm\"]",
      "instances": [
        {
          "schema_version": 0,
          "attributes": {
            "address_prefixes": [
              "10.0.3.0/24"
            ],
            "default_outbound_access_enabled": true,
            "delegation": [],
            "id": "/subscriptions/4421688c-0a8d-4588-8dd0-338c5271d0af/resourceGroups/project2-najla/providers/Microsoft.Network/virtualNetworks/project2-najla-vnet/subnets/appgw-subnet",
            "ip_address_pool": [],
            "name": "appgw-subnet",
            "private_endpoint_network_policies": "Disabled",
            "private_link_service_network_policies_enabled": true,
            "resource_group_name": "project2-najla",
            "service_endpoint_policy_ids": [],
            "service_endpoints": [],
            "sharing_scope": "",
            "timeouts": null,
            "virtual_network_name": "project2-najla-vnet"
          },
          "sensitive_attributes": [],
          "identity_schema_version": 0,
          "identity": {
            "name": "appgw-subnet",
            "resource_group_name": "project2-najla",
            "subscription_id": "4421688c-0a8d-4588-8dd0-338c5271d0af",
            "virtual_network_name": "project2-najla-vnet"
          },
          "private": "eyJlMmJmYjczMC1lY2FhLTExZTYtOGY4OC0zNDM2M2JjN2M0YzAiOnsiY3JlYXRlIjoxODAwMDAwMDAwMDAwLCJkZWxldGUiOjE4MDAwMDAwMDAwMDAsInJlYWQiOjMwMDAwMDAwMDAwMCwidXBkYXRlIjoxODAwMDAwMDAwMDAwfX0=",
          "dependencies": [
            "azurerm_resource_group.rg",
            "azurerm_virtual_network.vnet"
          ]
        }
      ]
    },
    {
      "mode": "managed",
      "type": "azurerm_subnet",
      "name": "snet_appgw",
      "provider": "provider[\"registry.terraform.io/hashicorp/azurerm\"]",
      "instances": [
        {
          "schema_version": 0,
          "attributes": {
            "address_prefixes": [
              "10.0.4.0/24"
            ],
            "default_outbound_access_enabled": true,
            "delegation": [],
            "id": "/subscriptions/4421688c-0a8d-4588-8dd0-338c5271d0af/resourceGroups/project2-najla/providers/Microsoft.Network/virtualNetworks/project2-najla-vnet/subnets/appgw-subnet",
            "ip_address_pool": [],
            "name": "appgw-subnet",
            "private_endpoint_network_policies": "Disabled",
            "private_link_service_network_policies_enabled": true,
            "resource_group_name": "project2-najla",
            "service_endpoint_policy_ids": [],
            "service_endpoints": [],
            "sharing_scope": "",
            "timeouts": null,
            "virtual_network_name": "project2-najla-vnet"
          },
          "sensitive_attributes": [],
          "identity_schema_version": 0,
          "identity": {
            "name": "appgw-subnet",
            "resource_group_name": "project2-najla",
            "subscription_id": "4421688c-0a8d-4588-8dd0-338c5271d0af",
            "virtual_network_name": "project2-najla-vnet"
          },
          "private": "eyJlMmJmYjczMC1lY2FhLTExZTYtOGY4OC0zNDM2M2JjN2M0YzAiOnsiY3JlYXRlIjoxODAwMDAwMDAwMDAwLCJkZWxldGUiOjE4MDAwMDAwMDAwMDAsInJlYWQiOjMwMDAwMDAwMDAwMCwidXBkYXRlIjoxODAwMDAwMDAwMDAwfX0=",
          "dependencies": [
            "azurerm_resource_group.rg",
            "azurerm_virtual_network.vnet"
          ]
        }
      ]
    },
    {
      "mode": "managed",
      "type": "azurerm_subnet",
      "name": "web_subnet",
      "provider": "provider[\"registry.terraform.io/hashicorp/azurerm\"]",
      "instances": [
        {
          "schema_version": 0,
          "attributes": {
            "address_prefixes": [
              "10.0.1.0/24"
            ],
            "default_outbound_access_enabled": true,
            "delegation": [],
            "id": "/subscriptions/4421688c-0a8d-4588-8dd0-338c5271d0af/resourceGroups/project2-najla/providers/Microsoft.Network/virtualNetworks/project2-najla-vnet/subnets/web-subnet",
            "ip_address_pool": [],
            "name": "web-subnet",
            "private_endpoint_network_policies": "Disabled",
            "private_link_service_network_policies_enabled": true,
            "resource_group_name": "project2-najla",
            "service_endpoint_policy_ids": [],
            "service_endpoints": [],
            "sharing_scope": "",
            "timeouts": null,
            "virtual_network_name": "project2-najla-vnet"
          },
          "sensitive_attributes": [],
          "identity_schema_version": 0,
          "identity": {
            "name": "web-subnet",
            "resource_group_name": "project2-najla",
            "subscription_id": "4421688c-0a8d-4588-8dd0-338c5271d0af",
            "virtual_network_name": "project2-najla-vnet"
          },
          "private": "eyJlMmJmYjczMC1lY2FhLTExZTYtOGY4OC0zNDM2M2JjN2M0YzAiOnsiY3JlYXRlIjoxODAwMDAwMDAwMDAwLCJkZWxldGUiOjE4MDAwMDAwMDAwMDAsInJlYWQiOjMwMDAwMDAwMDAwMCwidXBkYXRlIjoxODAwMDAwMDAwMDAwfX0=",
          "dependencies": [
            "azurerm_resource_group.rg",
            "azurerm_virtual_network.vnet"
          ]
        }
      ]
    },
    {
      "mode": "managed",
      "type": "azurerm_virtual_network",
      "name": "vnet",
      "provider": "provider[\"registry.terraform.io/hashicorp/azurerm\"]",
      "instances": [
        {
          "schema_version": 0,
          "attributes": {
            "address_space": [
              "10.0.0.0/16"
            ],
            "bgp_community": "",
            "ddos_protection_plan": [],
            "dns_servers": [],
            "edge_zone": "",
            "encryption": [],
            "flow_timeout_in_minutes": 0,
            "guid": "eca6262a-216e-4d3c-b8fe-634734abc8e5",
            "id": "/subscriptions/4421688c-0a8d-4588-8dd0-338c5271d0af/resourceGroups/project2-najla/providers/Microsoft.Network/virtualNetworks/project2-najla-vnet",
            "ip_address_pool": [],
            "location": "italynorth",
            "name": "project2-najla-vnet",
            "private_endpoint_vnet_policies": "Disabled",
            "resource_group_name": "project2-najla",
            "subnet": [
              {
                "address_prefixes": [
                  "10.0.1.0/24"
                ],
                "default_outbound_access_enabled": true,
                "delegation": [],
                "id": "/subscriptions/4421688c-0a8d-4588-8dd0-338c5271d0af/resourceGroups/project2-najla/providers/Microsoft.Network/virtualNetworks/project2-najla-vnet/subnets/web-subnet",
                "name": "web-subnet",
                "private_endpoint_network_policies": "Disabled",
                "private_link_service_network_policies_enabled": true,
                "route_table_id": "",
                "security_group": "",
                "service_endpoint_policy_ids": [],
                "service_endpoints": []
              },
              {
                "address_prefixes": [
                  "10.0.2.0/24"
                ],
                "default_outbound_access_enabled": true,
                "delegation": [],
                "id": "/subscriptions/4421688c-0a8d-4588-8dd0-338c5271d0af/resourceGroups/project2-najla/providers/Microsoft.Network/virtualNetworks/project2-najla-vnet/subnets/api-subnet",
                "name": "api-subnet",
                "private_endpoint_network_policies": "Disabled",
                "private_link_service_network_policies_enabled": true,
                "route_table_id": "",
                "security_group": "",
                "service_endpoint_policy_ids": [],
                "service_endpoints": []
              },
              {
                "address_prefixes": [
                  "10.0.3.0/24"
                ],
                "default_outbound_access_enabled": true,
                "delegation": [],
                "id": "/subscriptions/4421688c-0a8d-4588-8dd0-338c5271d0af/resourceGroups/project2-najla/providers/Microsoft.Network/virtualNetworks/project2-najla-vnet/subnets/appgw-subnet",
                "name": "appgw-subnet",
                "private_endpoint_network_policies": "Disabled",
                "private_link_service_network_policies_enabled": true,
                "route_table_id": "",
                "security_group": "",
                "service_endpoint_policy_ids": [],
                "service_endpoints": []
              }
            ],
            "tags": {
              "env": "dev",
              "project": "devops-project2-ih"
            },
            "timeouts": null
          },
          "sensitive_attributes": [],
          "identity_schema_version": 0,
          "identity": {
            "name": "project2-najla-vnet",
            "resource_group_name": "project2-najla",
            "subscription_id": "4421688c-0a8d-4588-8dd0-338c5271d0af"
          },
          "private": "eyJlMmJmYjczMC1lY2FhLTExZTYtOGY4OC0zNDM2M2JjN2M0YzAiOnsiY3JlYXRlIjoxODAwMDAwMDAwMDAwLCJkZWxldGUiOjE4MDAwMDAwMDAwMDAsInJlYWQiOjMwMDAwMDAwMDAwMCwidXBkYXRlIjoxODAwMDAwMDAwMDAwfX0=",
          "dependencies": [
            "azurerm_resource_group.rg"
          ]
        }
      ]
    },
    {
      "mode": "managed",
      "type": "azurerm_web_application_firewall_policy",
      "name": "wafpolicy",
      "provider": "provider[\"registry.terraform.io/hashicorp/azurerm\"]",
      "instances": [
        {
          "schema_version": 1,
          "attributes": {
            "custom_rules": [],
            "http_listener_ids": [],
            "id": "/subscriptions/4421688c-0a8d-4588-8dd0-338c5271d0af/resourceGroups/project2-najla/providers/Microsoft.Network/applicationGatewayWebApplicationFirewallPolicies/appgw-waf-policy",
            "location": "italynorth",
            "managed_rules": [
              {
                "exclusion": [],
                "managed_rule_set": [
                  {
                    "rule_group_override": [],
                    "type": "OWASP",
                    "version": "3.2"
                  }
                ]
              }
            ],
            "name": "appgw-waf-policy",
            "path_based_rule_ids": [],
            "policy_settings": [
              {
                "enabled": true,
                "file_upload_enforcement": false,
                "file_upload_limit_in_mb": 100,
                "js_challenge_cookie_expiration_in_minutes": 30,
                "log_scrubbing": [],
                "max_request_body_size_in_kb": 128,
                "mode": "Prevention",
                "request_body_check": true,
                "request_body_enforcement": true,
                "request_body_inspect_limit_in_kb": 128
              }
            ],
            "resource_group_name": "project2-najla",
            "tags": {},
            "timeouts": null
          },
          "sensitive_attributes": [],
          "identity_schema_version": 0,
          "private": "eyJlMmJmYjczMC1lY2FhLTExZTYtOGY4OC0zNDM2M2JjN2M0YzAiOnsiY3JlYXRlIjoxODAwMDAwMDAwMDAwLCJkZWxldGUiOjE4MDAwMDAwMDAwMDAsInJlYWQiOjMwMDAwMDAwMDAwMCwidXBkYXRlIjoxODAwMDAwMDAwMDAwfSwic2NoZW1hX3ZlcnNpb24iOiIxIn0=",
          "dependencies": [
            "azurerm_resource_group.rg"
          ]
        }
      ]
    }
  ],
  "check_results": null
}
